
Microsoft Visual Studio Solution File, Format Version 12.00
# Visual Studio Version 17
VisualStudioVersion = 17.10.35122.118
MinimumVisualStudioVersion = 10.0.40219.1
Project("{2150E333-8FDC-42A3-9474-1A3956D46DE8}") = "Data", "Data", "{D4B7FEBB-0ED7-45A4-93B7-5F521F02D859}"
EndProject
Project("{FAE04EC0-301F-11D3-BF4B-00C04F79EFBC}") = "TOP4HoneyChains.Entities", "TOP4HoneyChains.Entities\TOP4HoneyChains.Entities.csproj", "{85A173F8-E99C-41F2-A98F-23C7D4E3AF52}"
EndProject
Project("{2150E333-8FDC-42A3-9474-1A3956D46DE8}") = "APIs", "APIs", "{F5AEA500-3E3B-4053-93A6-97EBCD580DC9}"
EndProject
Project("{FAE04EC0-301F-11D3-BF4B-00C04F79EFBC}") = "TOP4HoneyChains.ApiaryApi", "TOP4HoneyChains.ApiaryApi\TOP4HoneyChains.ApiaryApi.csproj", "{55B1E776-E820-48D1-8D44-B1E23C7AE6CC}"
EndProject
Project("{FAE04EC0-301F-11D3-BF4B-00C04F79EFBC}") = "TOP4HoneyChains.BeekeeperApi", "TOP4HoneyChains.BeekeeperApi\TOP4HoneyChains.BeekeeperApi.csproj", "{6078500E-48A0-4134-BF2E-2AB3FCB44036}"
EndProject
Project("{FAE04EC0-301F-11D3-BF4B-00C04F79EFBC}") = "TOP4HoneyChains.HoneyProductionApi", "TOP4HoneyChains.HoneyProductionApi\TOP4HoneyChains.HoneyProductionApi.csproj", "{B0A1BD51-0F33-483F-8A6E-F201F5CE32A6}"
EndProject
Project("{FAE04EC0-301F-11D3-BF4B-00C04F79EFBC}") = "TOP4HoneyChains.HoneyTestApi", "TOP4HoneyChains.HoneyTestApi\TOP4HoneyChains.HoneyTestApi.csproj", "{A0EC0A49-302E-4C25-8128-42FC6EA65C7E}"
EndProject
Project("{2150E333-8FDC-42A3-9474-1A3956D46DE8}") = "Business", "Business", "{EC74D575-48DD-4279-BC3B-08F0BBC14555}"
EndProject
Project("{FAE04EC0-301F-11D3-BF4B-00C04F79EFBC}") = "TOP4HoneyChains.Repository", "TOP4HoneyChains.Repository\TOP4HoneyChains.Repository.csproj", "{12EFE984-0E33-4F18-B706-F1042D03CCDA}"
EndProject
Project("{2150E333-8FDC-42A3-9474-1A3956D46DE8}") = "Web", "Web", "{038654A7-D809-4915-A0DF-901B7816BBC1}"
EndProject
Global
	GlobalSection(SolutionConfigurationPlatforms) = preSolution
		Debug|Any CPU = Debug|Any CPU
		Release|Any CPU = Release|Any CPU
	EndGlobalSection
	GlobalSection(ProjectConfigurationPlatforms) = postSolution
		{85A173F8-E99C-41F2-A98F-23C7D4E3AF52}.Debug|Any CPU.ActiveCfg = Debug|Any CPU
		{85A173F8-E99C-41F2-A98F-23C7D4E3AF52}.Debug|Any CPU.Build.0 = Debug|Any CPU
		{85A173F8-E99C-41F2-A98F-23C7D4E3AF52}.Release|Any CPU.ActiveCfg = Release|Any CPU
		{85A173F8-E99C-41F2-A98F-23C7D4E3AF52}.Release|Any CPU.Build.0 = Release|Any CPU
		{55B1E776-E820-48D1-8D44-B1E23C7AE6CC}.Debug|Any CPU.ActiveCfg = Debug|Any CPU
		{55B1E776-E820-48D1-8D44-B1E23C7AE6CC}.Debug|Any CPU.Build.0 = Debug|Any CPU
		{55B1E776-E820-48D1-8D44-B1E23C7AE6CC}.Release|Any CPU.ActiveCfg = Release|Any CPU
		{55B1E776-E820-48D1-8D44-B1E23C7AE6CC}.Release|Any CPU.Build.0 = Release|Any CPU
		{6078500E-48A0-4134-BF2E-2AB3FCB44036}.Debug|Any CPU.ActiveCfg = Debug|Any CPU
		{6078500E-48A0-4134-BF2E-2AB3FCB44036}.Debug|Any CPU.Build.0 = Debug|Any CPU
		{6078500E-48A0-4134-BF2E-2AB3FCB44036}.Release|Any CPU.ActiveCfg = Release|Any CPU
		{6078500E-48A0-4134-BF2E-2AB3FCB44036}.Release|Any CPU.Build.0 = Release|Any CPU
		{B0A1BD51-0F33-483F-8A6E-F201F5CE32A6}.Debug|Any CPU.ActiveCfg = Debug|Any CPU
		{B0A1BD51-0F33-483F-8A6E-F201F5CE32A6}.Debug|Any CPU.Build.0 = Debug|Any CPU
		{B0A1BD51-0F33-483F-8A6E-F201F5CE32A6}.Release|Any CPU.ActiveCfg = Release|Any CPU
		{B0A1BD51-0F33-483F-8A6E-F201F5CE32A6}.Release|Any CPU.Build.0 = Release|Any CPU
		{A0EC0A49-302E-4C25-8128-42FC6EA65C7E}.Debug|Any CPU.ActiveCfg = Debug|Any CPU
		{A0EC0A49-302E-4C25-8128-42FC6EA65C7E}.Debug|Any CPU.Build.0 = Debug|Any CPU
		{A0EC0A49-302E-4C25-8128-42FC6EA65C7E}.Release|Any CPU.ActiveCfg = Release|Any CPU
		{A0EC0A49-302E-4C25-8128-42FC6EA65C7E}.Release|Any CPU.Build.0 = Release|Any CPU
		{12EFE984-0E33-4F18-B706-F1042D03CCDA}.Debug|Any CPU.ActiveCfg = Debug|Any CPU
		{12EFE984-0E33-4F18-B706-F1042D03CCDA}.Debug|Any CPU.Build.0 = Debug|Any CPU
		{12EFE984-0E33-4F18-B706-F1042D03CCDA}.Release|Any CPU.ActiveCfg = Release|Any CPU
		{12EFE984-0E33-4F18-B706-F1042D03CCDA}.Release|Any CPU.Build.0 = Release|Any CPU
	EndGlobalSection
	GlobalSection(SolutionProperties) = preSolution
		HideSolutionNode = FALSE
	EndGlobalSection
	GlobalSection(NestedProjects) = preSolution
		{85A173F8-E99C-41F2-A98F-23C7D4E3AF52} = {D4B7FEBB-0ED7-45A4-93B7-5F521F02D859}
		{55B1E776-E820-48D1-8D44-B1E23C7AE6CC} = {F5AEA500-3E3B-4053-93A6-97EBCD580DC9}
		{6078500E-48A0-4134-BF2E-2AB3FCB44036} = {F5AEA500-3E3B-4053-93A6-97EBCD580DC9}
		{B0A1BD51-0F33-483F-8A6E-F201F5CE32A6} = {F5AEA500-3E3B-4053-93A6-97EBCD580DC9}
		{A0EC0A49-302E-4C25-8128-42FC6EA65C7E} = {F5AEA500-3E3B-4053-93A6-97EBCD580DC9}
		{12EFE984-0E33-4F18-B706-F1042D03CCDA} = {EC74D575-48DD-4279-BC3B-08F0BBC14555}
	EndGlobalSection
	GlobalSection(ExtensibilityGlobals) = postSolution
		SolutionGuid = {73F3729D-D863-4C6B-B50A-FC0160527CB7}
	EndGlobalSection
EndGlobal
